version = 1
revision = 3
requires-python = "==3.15.*"

[[package]]
name = "cfgv"
version = "3.5.0"
source = { registry = "https://pypi.org/simple" }
sdist = { url = "https://files.pythonhosted.org/packages/4e/b5/721b8799b04bf9afe054a3899c6cf4e880fcf8563cc71c15610242490a0c/cfgv-3.5.0.tar.gz", hash = "sha256:d5b1034354820651caa73ede66a6294d6e95c1b00acc5e9b098e917404669132", size = 7334, upload-time = "2025-11-19T20:55:51.612Z" }
wheels = [
    { url = "https://files.pythonhosted.org/packages/db/3c/33bac158f8ab7f89b2e59426d5fe2e4f63f7ed25df84c036890172b412b5/cfgv-3.5.0-py2.py3-none-any.whl", hash = "sha256:a8dc6b26ad22ff227d2634a65cb388215ce6cc96bbcc5cfde7641ae87e8dacc0", size = 7445, upload-time = "2025-11-19T20:55:50.744Z" },
]

[[package]]
name = "distlib"
version = "0.4.3"
source = { registry = "https://pypi.org/simple" }
sdist = { url = "https://files.pythonhosted.org/packages/c9/02/bd72be9134d25ed783ecbbc38a539ffaefbf90c78418c7fb7229600dbac7/distlib-0.4.3.tar.gz", hash = "sha256:f152097224a0ae24be5a0f6bae1b9359af82133bce63f98a95f86cae1aede9ed", size = 615141, upload-time = "2026-06-12T08:04:52.847Z" }
wheels = [
    { url = "https://files.pythonhosted.org/packages/02/08/9c41fb51ab5b43eb21674aff13df270e8ba6c4b29c8624e328dc7a9482af/distlib-0.4.3-py2.py3-none-any.whl", hash = "sha256:4b0ce306c966eb73bc3a7b6abad017c556dadd92c44701562cd528ac7fde4d5b", size = 470628, upload-time = "2026-06-12T08:04:50.506Z" },
]

[[package]]
name = "filelock"
version = "4.0.2"
source = { registry = "https://pypi.org/simple" }
sdist = { url = "https://files.pythonhosted.org/packages/15/c0/dae217a1af7595d36c90e4c4c81cd2e801dd2fe3c1bda2255b7e9386a130/filelock-4.0.2.tar.gz", hash = "sha256:0b7b3b63255dc289a48076c8b77eb63c973fb913185c6dc4651b16820cc1097d", size = 243554, upload-time = "2026-09-23T22:36:56.243Z" }
wheels = [
    { url = "https://files.pythonhosted.org/packages/06/72/25da2cfd66ce639039966f97c07e5f9fa3f0a10c558c031cff80c27a8f9c/filelock-4.0.2-py3-none-any.whl", hash = "sha256:ac613ea13d8a99f9e9c05cd3d0991bbcbaed81e4b53790350ddf4077996e5d70", size = 108249, upload-time = "2026-09-23T22:36:54.421Z" },
]

[[package]]
name = "identify"
version = "2.6.19"
source = { registry = "https://pypi.org/simple" }
sdist = { url = "https://files.pythonhosted.org/packages/52/63/51723b5f116cc04b061cb6f5a561790abf249d25931d515cd375e063e0f4/identify-2.6.19.tar.gz", hash = "sha256:6be5020c38fcb07da56c53733538a3081ea5aa70d36a156f83044bfbf9173842", size = 99567, upload-time = "2026-04-17T18:39:50.265Z" }
wheels = [
    { url = "https://files.pythonhosted.org/packages/94/84/d9273cd09688070a6523c4aee4663a8538721b2b755c4962aafae0011e72/identify-2.6.19-py2.py3-none-any.whl", hash = "sha256:20e6a87f786f768c092a721ad107fc9df0eb89347be9396cadf3f4abbd1fb78a", size = 99397, upload-time = "2026-04-17T18:39:49.221Z" },
]

[[package]]
name = "nodeenv"
version = "1.10.0"
source = { registry = "https://pypi.org/simple" }
sdist = { url = "https://files.pythonhosted.org/packages/24/bf/d1bda4f6168e0b2e9e5958945e01910052158313224ada5ce1fb2e1113b8/nodeenv-1.10.0.tar.gz", hash = "sha256:996c191ad80897d076bdfba80a41994c2b47c68e224c542b48feba42ba00f8bb", size = 55611, upload-time = "2025-12-20T14:08:54.006Z" }
wheels = [
    { url = "https://files.pythonhosted.org/packages/88/b2/d0896bdcdc8d28a7fc5717c305f1a861c26e18c05047949fb371034d98bd/nodeenv-1.10.0-py2.py3-none-any.whl", hash = "sha256:5bb13e3eed2923615535339b3c620e76779af4cb4c6a90deccc9e36b274d3827", size = 23438, upload-time = "2025-12-20T14:08:52.782Z" },
]

[[package]]
name = "platformdirs"
version = "4.11.12"
source = { registry = "https://pypi.org/simple" }
sdist = { url = "https://files.pythonhosted.org/packages/ea/dd/65804b0c2925a1c821a05502ea57517b69a073ff400d25ab9faa3a2cf012/platformdirs-4.11.12.tar.gz", hash = "sha256:e8dc1cb58f1153fd7f61db1374317770baababec2480b37b8f01c6cc25b45267", size = 40016, upload-time = "2026-09-22T01:02:36.973Z" }
wheels = [
    { url = "https://files.pythonhosted.org/packages/ec/2b/69de6317fbf48865bb12aa56c9cfcfff46b3add0cd45250725d96146dce0/platformdirs-4.11.12-py3-none-any.whl", hash = "sha256:b1ba966ac76153d9985a0787ffab951e7c18416189873d4e4ddb2c8a04a0a254", size = 24976, upload-time = "2026-09-22T01:02:35.742Z" },
]

[[package]]
name = "pre-commit"
version = "4.6.2"
source = { registry = "https://pypi.org/simple" }
dependencies = [
    { name = "cfgv" },
    { name = "identify" },
    { name = "nodeenv" },
    { name = "pyyaml" },
    { name = "virtualenv" },
]
sdist = { url = "https://files.pythonhosted.org/packages/74/89/1f3e8e1fc3e97de0fa963495832f581f025f29471602a309e48808244292/pre_commit-4.6.2.tar.gz", hash = "sha256:8f5d7bfb021ecdbcd9d49d89847082dd24172ccde534390081a679ad046e2441", size = 198670, upload-time = "2026-08-10T22:07:18.421Z" }
wheels = [
    { url = "https://files.pythonhosted.org/packages/45/e2/bbb7129c9e7999a6b8ee9cca3b66486c25c423ab5a75f34071798b74ce94/pre_commit-4.6.2-py2.py3-none-any.whl", hash = "sha256:e2dde9a75d3bce11bd3831c26d134df00a2803c1d818be6a0383c3dcda25dc4e", size = 226202, upload-time = "2026-08-10T22:07:16.942Z" },
]

[[package]]
name = "python-discovery"
version = "1.6.1"
source = { registry = "https://pypi.org/simple" }
dependencies = [
    { name = "filelock" },
]
sdist = { url = "https://files.pythonhosted.org/packages/0c/57/250bd238b966cece44328235eb85290045d059265fdaf7527a3a958123db/python_discovery-1.6.1.tar.gz", hash = "sha256:cf87d3627dfb4412437fdd5b13eae402607722998d21567993aedbc59b23c15e", size = 84338, upload-time = "2026-09-18T01:31:53.971Z" }
wheels = [
    { url = "https://files.pythonhosted.org/packages/16/7d/e9ffbadfbf89c93848412d04594135c4ae8c1d37d9e053b9c3ed718fabc4/python_discovery-1.6.1-py3-none-any.whl", hash = "sha256:d43fcdef879fe795352bd13ccf8d185ba5a9f86f36cfcd00529f596e737442b3", size = 38664, upload-time = "2026-09-18T01:31:52.448Z" },
]

[[package]]
name = "pyyaml"
version = "6.0.3"
source = { registry = "https://pypi.org/simple" }
sdist = { url = "https://files.pythonhosted.org/packages/05/8e/961c0007c59b8dd7729d542c61a4d537767a59645b82a0b521206e1e25c2/pyyaml-6.0.3.tar.gz", hash = "sha256:d76623373421df22fb4cf8817020cbb7ef15c725b9d5e45f17e189bfc384190f", size = 130960, upload-time = "2025-09-25T21:33:16.546Z" }

[[package]]
name = "uv-actions"
source = { virtual = "." }

[package.dev-dependencies]
dev = [
    { name = "pre-commit" },
]

[package.metadata]

[package.metadata.requires-dev]
dev = [{ name = "pre-commit", specifier = "==4.6.2" }]

[[package]]
name = "virtualenv"
version = "21.11.1"
source = { registry = "https://pypi.org/simple" }
dependencies = [
    { name = "distlib" },
    { name = "filelock" },
    { name = "platformdirs" },
    { name = "python-discovery" },
]
sdist = { url = "https://files.pythonhosted.org/packages/64/87/d29c3edf5dae96555aa69499e0bfaf48dd41b889a05a04d41884bcdb5c5c/virtualenv-21.11.1.tar.gz", hash = "sha256:6266bdc327ed2a760f628ecbdadc776745fe08c3cac6139417bc2437e4d061dd", size = 5395254, upload-time = "2026-09-23T15:01:07.362Z" }
wheels = [
    { url = "https://files.pythonhosted.org/packages/4c/7b/7ca6956dd5fd8298682186782de4a33c507552bce206adf6b0f2a3596353/virtualenv-21.11.1-py3-none-any.whl", hash = "sha256:00596e6238363a1a69fd899a6e67365830be0b0bff9a9c83bdcad6e9aee3c419", size = 5485002, upload-time = "2026-09-23T15:01:04.935Z" },
]
